
Microsoft Visual Studio Solution File, Format Version 12.00
# Visual Studio 15
VisualStudioVersion = 15.0.27428.2037
MinimumVisualStudioVersion = 10.0.40219.1
Project("{FAE04EC0-301F-11D3-BF4B-00C04F79EFBC}") = "MVCFilmSatis", "MVCFilmSatis\MVCFilmSatis.csproj", "{F5AFD593-4A5E-46E3-87DF-87F3592E35B8}"
EndProject
Global
	GlobalSection(SolutionConfigurationPlatforms) = preSolution
		Debug|Any CPU = Debug|Any CPU
		Release|Any CPU = Release|Any CPU
	EndGlobalSection
	GlobalSection(ProjectConfigurationPlatforms) = postSolution
		{F5AFD593-4A5E-46E3-87DF-87F3592E35B8}.Debug|Any CPU.ActiveCfg = Debug|Any CPU
		{F5AFD593-4A5E-46E3-87DF-87F3592E35B8}.Debug|Any CPU.Build.0 = Debug|Any CPU
		{F5AFD593-4A5E-46E3-87DF-87F3592E35B8}.Release|Any CPU.ActiveCfg = Release|Any CPU
		{F5AFD593-4A5E-46E3-87DF-87F3592E35B8}.Release|Any CPU.Build.0 = Release|Any CPU
	EndGlobalSection
	GlobalSection(SolutionProperties) = preSolution
		HideSolutionNode = FALSE
	EndGlobalSection
	GlobalSection(ExtensibilityGlobals) = postSolution
		SolutionGuid = {FEBB91FD-0A99-4138-9079-168CEDF1F95D}
	EndGlobalSection
EndGlobal
